
Microsoft Visual Studio Solution File, Format Version 12.00
# Visual Studio Version 17
VisualStudioVersion = 17.14.36518.9
MinimumVisualStudioVersion = 10.0.40219.1
Project("{2150E333-8FDC-42A3-9474-1A3956D46DE8}") = "Task0", "Task0", "{02EA681E-C7D8-13C7-8484-4AC65E1B71E8}"
EndProject
Project("{FAE04EC0-301F-11D3-BF4B-00C04F79EFBC}") = "Tyuiu.BatTI.Sprint5.Task0.V25", "Tyuiu.BatTI.Sprint5.Task0.V25\Tyuiu.BatTI.Sprint5.Task0.V25.csproj", "{8C16D10E-997F-4AA8-BE0B-79A1543AF86F}"
EndProject
Project("{FAE04EC0-301F-11D3-BF4B-00C04F79EFBC}") = "Tyuiu.BatTI.Sprint5.Task0.V25.Lib", "Tyuiu.BatTI.Sprint5.Task0.V25.Lib\Tyuiu.BatTI.Sprint5.Task0.V25.Lib.csproj", "{738F82BD-D53F-4EDE-B811-75E723896FDD}"
EndProject
Project("{FAE04EC0-301F-11D3-BF4B-00C04F79EFBC}") = "Tyuiu.BatTI.Sprint5.Task0.V25.Test", "Tyuiu.BatTI.Sprint5.Task0.V25.Test\Tyuiu.BatTI.Sprint5.Task0.V25.Test.csproj", "{6DEA100C-C507-4E9F-A2B6-176492A50B90}"
EndProject
Project("{2150E333-8FDC-42A3-9474-1A3956D46DE8}") = "Task1", "Task1", "{BFF6D3E5-9F53-4833-A69D-24FEB264DFCD}"
EndProject
Project("{FAE04EC0-301F-11D3-BF4B-00C04F79EFBC}") = "Tyuiu.BatTI.Sprint5.Task1.V1", "Tyuiu.BatTI.Sprint5.Task1.V1\Tyuiu.BatTI.Sprint5.Task1.V1.csproj", "{6BC96953-4F4B-4DAE-93D3-5E12212A271C}"
EndProject
Project("{FAE04EC0-301F-11D3-BF4B-00C04F79EFBC}") = "Tyuiu.BatTI.Sprint5.Task1.V1.Lib", "Tyuiu.BatTI.Sprint5.Task1.V1.Lib\Tyuiu.BatTI.Sprint5.Task1.V1.Lib.csproj", "{7563551D-8F3B-40CE-A95A-F7F7B4A03E6C}"
EndProject
Project("{FAE04EC0-301F-11D3-BF4B-00C04F79EFBC}") = "Tyuiu.BatTI.Sprint5.Task1.V1.Test", "Tyuiu.BatTI.Sprint5.Task1.V1.Test\Tyuiu.BatTI.Sprint5.Task1.V1.Test.csproj", "{FF487818-FFB0-4713-82DD-AE123D199AF3}"
EndProject
Project("{2150E333-8FDC-42A3-9474-1A3956D46DE8}") = "Task2", "Task2", "{34D1AE7F-5F9E-472E-9B1C-08FBFB619946}"
EndProject
Project("{FAE04EC0-301F-11D3-BF4B-00C04F79EFBC}") = "Tyuiu.BatTI.Sprint5.Task2.V8", "Tyuiu.BatTI.Sprint5.Task2.V8\Tyuiu.BatTI.Sprint5.Task2.V8.csproj", "{89C7160F-7C40-4CE5-BCA4-047BDE7E13AE}"
EndProject
Project("{FAE04EC0-301F-11D3-BF4B-00C04F79EFBC}") = "Tyuiu.BatTI.Sprint5.Task2.V8.Lib", "Tyuiu.BatTI.Sprint5.Task2.V8.Lib\Tyuiu.BatTI.Sprint5.Task2.V8.Lib.csproj", "{CB4377DF-0349-4215-9A1E-688C4CDE05A6}"
EndProject
Project("{FAE04EC0-301F-11D3-BF4B-00C04F79EFBC}") = "Tyuiu.BatTI.Sprint5.Task2.V8.Test", "Tyuiu.BatTI.Sprint5.Task2.V8.Test\Tyuiu.BatTI.Sprint5.Task2.V8.Test.csproj", "{8B9DFF8F-0407-4BB2-B893-7FE6C8FB0BE0}"
EndProject
Project("{2150E333-8FDC-42A3-9474-1A3956D46DE8}") = "Task3", "Task3", "{0F8F94F2-24B7-47C8-9807-7398E79334E1}"
EndProject
Project("{FAE04EC0-301F-11D3-BF4B-00C04F79EFBC}") = "Tyuiu.BatTI.Sprint5.Task3.V3", "Tyuiu.BatTI.Sprint5.Task3.V3\Tyuiu.BatTI.Sprint5.Task3.V3.csproj", "{FBD766AC-0AFC-4AD8-8B80-57E838613138}"
EndProject
Project("{FAE04EC0-301F-11D3-BF4B-00C04F79EFBC}") = "Tyuiu.BatTI.Sprint5.Task3.V3.Lib", "Tyuiu.BatTI.Sprint5.Task3.V3.Lib\Tyuiu.BatTI.Sprint5.Task3.V3.Lib.csproj", "{7829F319-C5F8-4E67-AE9C-F0DB0CC9BB85}"
EndProject
Project("{FAE04EC0-301F-11D3-BF4B-00C04F79EFBC}") = "Tyuiu.BatTI.Sprint5.Task3.V3.Test", "Tyuiu.BatTI.Sprint5.Task3.V3.Test\Tyuiu.BatTI.Sprint5.Task3.V3.Test.csproj", "{92C1D46B-2BFA-4EF3-9C34-0C6938401CF8}"
EndProject
Global
	GlobalSection(SolutionConfigurationPlatforms) = preSolution
		Debug|Any CPU = Debug|Any CPU
		Release|Any CPU = Release|Any CPU
	EndGlobalSection
	GlobalSection(ProjectConfigurationPlatforms) = postSolution
		{8C16D10E-997F-4AA8-BE0B-79A1543AF86F}.Debug|Any CPU.ActiveCfg = Debug|Any CPU
		{8C16D10E-997F-4AA8-BE0B-79A1543AF86F}.Debug|Any CPU.Build.0 = Debug|Any CPU
		{8C16D10E-997F-4AA8-BE0B-79A1543AF86F}.Release|Any CPU.ActiveCfg = Release|Any CPU
		{8C16D10E-997F-4AA8-BE0B-79A1543AF86F}.Release|Any CPU.Build.0 = Release|Any CPU
		{738F82BD-D53F-4EDE-B811-75E723896FDD}.Debug|Any CPU.ActiveCfg = Debug|Any CPU
		{738F82BD-D53F-4EDE-B811-75E723896FDD}.Debug|Any CPU.Build.0 = Debug|Any CPU
		{738F82BD-D53F-4EDE-B811-75E723896FDD}.Release|Any CPU.ActiveCfg = Release|Any CPU
		{738F82BD-D53F-4EDE-B811-75E723896FDD}.Release|Any CPU.Build.0 = Release|Any CPU
		{6DEA100C-C507-4E9F-A2B6-176492A50B90}.Debug|Any CPU.ActiveCfg = Debug|Any CPU
		{6DEA100C-C507-4E9F-A2B6-176492A50B90}.Debug|Any CPU.Build.0 = Debug|Any CPU
		{6DEA100C-C507-4E9F-A2B6-176492A50B90}.Release|Any CPU.ActiveCfg = Release|Any CPU
		{6DEA100C-C507-4E9F-A2B6-176492A50B90}.Release|Any CPU.Build.0 = Release|Any CPU
		{6BC96953-4F4B-4DAE-93D3-5E12212A271C}.Debug|Any CPU.ActiveCfg = Debug|Any CPU
		{6BC96953-4F4B-4DAE-93D3-5E12212A271C}.Debug|Any CPU.Build.0 = Debug|Any CPU
		{6BC96953-4F4B-4DAE-93D3-5E12212A271C}.Release|Any CPU.ActiveCfg = Release|Any CPU
		{6BC96953-4F4B-4DAE-93D3-5E12212A271C}.Release|Any CPU.Build.0 = Release|Any CPU
		{7563551D-8F3B-40CE-A95A-F7F7B4A03E6C}.Debug|Any CPU.ActiveCfg = Debug|Any CPU
		{7563551D-8F3B-40CE-A95A-F7F7B4A03E6C}.Debug|Any CPU.Build.0 = Debug|Any CPU
		{7563551D-8F3B-40CE-A95A-F7F7B4A03E6C}.Release|Any CPU.ActiveCfg = Release|Any CPU
		{7563551D-8F3B-40CE-A95A-F7F7B4A03E6C}.Release|Any CPU.Build.0 = Release|Any CPU
		{FF487818-FFB0-4713-82DD-AE123D199AF3}.Debug|Any CPU.ActiveCfg = Debug|Any CPU
		{FF487818-FFB0-4713-82DD-AE123D199AF3}.Debug|Any CPU.Build.0 = Debug|Any CPU
		{FF487818-FFB0-4713-82DD-AE123D199AF3}.Release|Any CPU.ActiveCfg = Release|Any CPU
		{FF487818-FFB0-4713-82DD-AE123D199AF3}.Release|Any CPU.Build.0 = Release|Any CPU
		{89C7160F-7C40-4CE5-BCA4-047BDE7E13AE}.Debug|Any CPU.ActiveCfg = Debug|Any CPU
		{89C7160F-7C40-4CE5-BCA4-047BDE7E13AE}.Debug|Any CPU.Build.0 = Debug|Any CPU
		{89C7160F-7C40-4CE5-BCA4-047BDE7E13AE}.Release|Any CPU.ActiveCfg = Release|Any CPU
		{89C7160F-7C40-4CE5-BCA4-047BDE7E13AE}.Release|Any CPU.Build.0 = Release|Any CPU
		{CB4377DF-0349-4215-9A1E-688C4CDE05A6}.Debug|Any CPU.ActiveCfg = Debug|Any CPU
		{CB4377DF-0349-4215-9A1E-688C4CDE05A6}.Debug|Any CPU.Build.0 = Debug|Any CPU
		{CB4377DF-0349-4215-9A1E-688C4CDE05A6}.Release|Any CPU.ActiveCfg = Release|Any CPU
		{CB4377DF-0349-4215-9A1E-688C4CDE05A6}.Release|Any CPU.Build.0 = Release|Any CPU
		{8B9DFF8F-0407-4BB2-B893-7FE6C8FB0BE0}.Debug|Any CPU.ActiveCfg = Debug|Any CPU
		{8B9DFF8F-0407-4BB2-B893-7FE6C8FB0BE0}.Debug|Any CPU.Build.0 = Debug|Any CPU
		{8B9DFF8F-0407-4BB2-B893-7FE6C8FB0BE0}.Release|Any CPU.ActiveCfg = Release|Any CPU
		{8B9DFF8F-0407-4BB2-B893-7FE6C8FB0BE0}.Release|Any CPU.Build.0 = Release|Any CPU
		{FBD766AC-0AFC-4AD8-8B80-57E838613138}.Debug|Any CPU.ActiveCfg = Debug|Any CPU
		{FBD766AC-0AFC-4AD8-8B80-57E838613138}.Debug|Any CPU.Build.0 = Debug|Any CPU
		{FBD766AC-0AFC-4AD8-8B80-57E838613138}.Release|Any CPU.ActiveCfg = Release|Any CPU
		{FBD766AC-0AFC-4AD8-8B80-57E838613138}.Release|Any CPU.Build.0 = Release|Any CPU
		{7829F319-C5F8-4E67-AE9C-F0DB0CC9BB85}.Debug|Any CPU.ActiveCfg = Debug|Any CPU
		{7829F319-C5F8-4E67-AE9C-F0DB0CC9BB85}.Debug|Any CPU.Build.0 = Debug|Any CPU
		{7829F319-C5F8-4E67-AE9C-F0DB0CC9BB85}.Release|Any CPU.ActiveCfg = Release|Any CPU
		{7829F319-C5F8-4E67-AE9C-F0DB0CC9BB85}.Release|Any CPU.Build.0 = Release|Any CPU
		{92C1D46B-2BFA-4EF3-9C34-0C6938401CF8}.Debug|Any CPU.ActiveCfg = Debug|Any CPU
		{92C1D46B-2BFA-4EF3-9C34-0C6938401CF8}.Debug|Any CPU.Build.0 = Debug|Any CPU
		{92C1D46B-2BFA-4EF3-9C34-0C6938401CF8}.Release|Any CPU.ActiveCfg = Release|Any CPU
		{92C1D46B-2BFA-4EF3-9C34-0C6938401CF8}.Release|Any CPU.Build.0 = Release|Any CPU
	EndGlobalSection
	GlobalSection(SolutionProperties) = preSolution
		HideSolutionNode = FALSE
	EndGlobalSection
	GlobalSection(NestedProjects) = preSolution
		{8C16D10E-997F-4AA8-BE0B-79A1543AF86F} = {02EA681E-C7D8-13C7-8484-4AC65E1B71E8}
		{738F82BD-D53F-4EDE-B811-75E723896FDD} = {02EA681E-C7D8-13C7-8484-4AC65E1B71E8}
		{6DEA100C-C507-4E9F-A2B6-176492A50B90} = {02EA681E-C7D8-13C7-8484-4AC65E1B71E8}
		{6BC96953-4F4B-4DAE-93D3-5E12212A271C} = {BFF6D3E5-9F53-4833-A69D-24FEB264DFCD}
		{7563551D-8F3B-40CE-A95A-F7F7B4A03E6C} = {BFF6D3E5-9F53-4833-A69D-24FEB264DFCD}
		{FF487818-FFB0-4713-82DD-AE123D199AF3} = {BFF6D3E5-9F53-4833-A69D-24FEB264DFCD}
		{89C7160F-7C40-4CE5-BCA4-047BDE7E13AE} = {34D1AE7F-5F9E-472E-9B1C-08FBFB619946}
		{CB4377DF-0349-4215-9A1E-688C4CDE05A6} = {34D1AE7F-5F9E-472E-9B1C-08FBFB619946}
		{8B9DFF8F-0407-4BB2-B893-7FE6C8FB0BE0} = {34D1AE7F-5F9E-472E-9B1C-08FBFB619946}
		{FBD766AC-0AFC-4AD8-8B80-57E838613138} = {0F8F94F2-24B7-47C8-9807-7398E79334E1}
		{7829F319-C5F8-4E67-AE9C-F0DB0CC9BB85} = {0F8F94F2-24B7-47C8-9807-7398E79334E1}
		{92C1D46B-2BFA-4EF3-9C34-0C6938401CF8} = {0F8F94F2-24B7-47C8-9807-7398E79334E1}
	EndGlobalSection
	GlobalSection(ExtensibilityGlobals) = postSolution
		SolutionGuid = {99D82323-D080-4FC9-8D36-05CD345FEE8E}
	EndGlobalSection
EndGlobal
